<?xml version="1.0" encoding="utf-8"?>
<Project ToolsVersion="4.0" xmlns="http://schemas.microsoft.com/developer/msbuild/2003">
  <ItemGroup>
    <Filter Include="Header Files">
      <UniqueIdentifier>{93995380-89BD-4b04-88EB-625FBE52EBFB}</UniqueIdentifier>
      <Extensions>h;hh;hpp;hxx;hm;inl;inc;xsd</Extensions>
    </Filter>
    <Filter Include="Resource Files">
      <UniqueIdentifier>{67DA6AB6-F800-4c08-8B7A-83BB121AAD01}</UniqueIdentifier>
      <Extensions>rc;ico;cur;bmp;dlg;rc2;rct;bin;rgs;gif;jpg;jpeg;jpe;resx;tiff;tif;png;wav;mfcribbon-ms</Extensions>
    </Filter>
    <Filter Include="internals">
      <UniqueIdentifier>{4FC737F1-C7A5-4376-A066-2A32D752A2FF}</UniqueIdentifier>
      <Extensions>cpp;c;cc;cxx;def;odl;idl;hpj;bat;asm;asmx</Extensions>
    </Filter>
    <Filter Include="nurbtess">
      <UniqueIdentifier>{4074ec89-a00c-4c7e-b6a0-238c5bee3a5d}</UniqueIdentifier>
    </Filter>
    <Filter Include="interface">
      <UniqueIdentifier>{8ec90b2d-85a7-4814-a19b-339ae6e7418f}</UniqueIdentifier>
    </Filter>
  </ItemGroup>
  <ItemGroup>
    <ClCompile Include="$(SRC)\libnurbs\interface\bezierEval.cc">
      <Filter>internals</Filter>
    </ClCompile>
    <ClCompile Include="$(SRC)\libnurbs\interface\bezierPatch.cc">
      <Filter>internals</Filter>
    </ClCompile>
    <ClCompile Include="$(SRC)\libnurbs\interface\bezierPatchMesh.cc">
      <Filter>internals</Filter>
    </ClCompile>
    <ClCompile Include="$(SRC)\libnurbs\interface\glcurveval.cc">
      <Filter>internals</Filter>
    </ClCompile>
    <ClCompile Include="$(SRC)\libnurbs\interface\glinterface.cc">
      <Filter>internals</Filter>
    </ClCompile>
    <ClCompile Include="$(SRC)\libnurbs\interface\glrenderer.cc">
      <Filter>internals</Filter>
    </ClCompile>
    <ClCompile Include="$(SRC)\libnurbs\interface\glsurfeval.cc">
      <Filter>internals</Filter>
    </ClCompile>
    <ClCompile Include="$(SRC)\libnurbs\interface\incurveeval.cc">
      <Filter>internals</Filter>
    </ClCompile>
    <ClCompile Include="$(SRC)\libnurbs\interface\insurfeval.cc">
      <Filter>internals</Filter>
    </ClCompile>
    <ClCompile Include="$(SRC)\libnurbs\internals\arc.cc">
      <Filter>internals</Filter>
    </ClCompile>
    <ClCompile Include="$(SRC)\libnurbs\internals\arcsorter.cc">
      <Filter>internals</Filter>
    </ClCompile>
    <ClCompile Include="$(SRC)\libnurbs\internals\arctess.cc">
      <Filter>internals</Filter>
    </ClCompile>
    <ClCompile Include="$(SRC)\libnurbs\internals\backend.cc">
      <Filter>internals</Filter>
    </ClCompile>
    <ClCompile Include="$(SRC)\libnurbs\internals\basiccrveval.cc">
      <Filter>internals</Filter>
    </ClCompile>
    <ClCompile Include="$(SRC)\libnurbs\internals\basicsurfeval.cc">
      <Filter>internals</Filter>
    </ClCompile>
    <ClCompile Include="$(SRC)\libnurbs\internals\bin.cc">
      <Filter>internals</Filter>
    </ClCompile>
    <ClCompile Include="$(SRC)\libnurbs\internals\bufpool.cc">
      <Filter>internals</Filter>
    </ClCompile>
    <ClCompile Include="$(SRC)\libnurbs\internals\cachingeval.cc">
      <Filter>internals</Filter>
    </ClCompile>
    <ClCompile Include="$(SRC)\libnurbs\internals\ccw.cc">
      <Filter>internals</Filter>
    </ClCompile>
    <ClCompile Include="$(SRC)\libnurbs\internals\coveandtiler.cc">
      <Filter>internals</Filter>
    </ClCompile>
    <ClCompile Include="$(SRC)\libnurbs\internals\curve.cc">
      <Filter>internals</Filter>
    </ClCompile>
    <ClCompile Include="$(SRC)\libnurbs\internals\curvelist.cc">
      <Filter>internals</Filter>
    </ClCompile>
    <ClCompile Include="$(SRC)\libnurbs\internals\curvesub.cc">
      <Filter>internals</Filter>
    </ClCompile>
    <ClCompile Include="$(SRC)\libnurbs\internals\dataTransform.cc">
      <Filter>internals</Filter>
    </ClCompile>
    <ClCompile Include="$(SRC)\libnurbs\internals\displaylist.cc">
      <Filter>internals</Filter>
    </ClCompile>
    <ClCompile Include="$(SRC)\libnurbs\internals\flist.cc">
      <Filter>internals</Filter>
    </ClCompile>
    <ClCompile Include="$(SRC)\libnurbs\internals\flistsorter.cc">
      <Filter>internals</Filter>
    </ClCompile>
    <ClCompile Include="$(SRC)\libnurbs\internals\hull.cc">
      <Filter>internals</Filter>
    </ClCompile>
    <ClCompile Include="$(SRC)\libnurbs\internals\intersect.cc">
      <Filter>internals</Filter>
    </ClCompile>
    <ClCompile Include="$(SRC)\libnurbs\internals\knotvector.cc">
      <Filter>internals</Filter>
    </ClCompile>
    <ClCompile Include="$(SRC)\libnurbs\internals\mapdesc.cc">
      <Filter>internals</Filter>
    </ClCompile>
    <ClCompile Include="$(SRC)\libnurbs\internals\mapdescv.cc">
      <Filter>internals</Filter>
    </ClCompile>
    <ClCompile Include="$(SRC)\libnurbs\internals\maplist.cc">
      <Filter>internals</Filter>
    </ClCompile>
    <ClCompile Include="$(SRC)\libnurbs\internals\mesher.cc">
      <Filter>internals</Filter>
    </ClCompile>
    <ClCompile Include="$(SRC)\libnurbs\internals\monotonizer.cc">
      <Filter>internals</Filter>
    </ClCompile>
    <ClCompile Include="$(SRC)\libnurbs\internals\monoTriangulationBackend.cc">
      <Filter>internals</Filter>
    </ClCompile>
    <ClCompile Include="$(SRC)\libnurbs\internals\mycode.cc">
      <Filter>internals</Filter>
    </ClCompile>
    <ClCompile Include="$(SRC)\libnurbs\internals\nurbsinterfac.cc">
      <Filter>internals</Filter>
    </ClCompile>
    <ClCompile Include="$(SRC)\libnurbs\internals\nurbstess.cc">
      <Filter>internals</Filter>
    </ClCompile>
    <ClCompile Include="$(SRC)\libnurbs\internals\patch.cc">
      <Filter>internals</Filter>
    </ClCompile>
    <ClCompile Include="$(SRC)\libnurbs\internals\patchlist.cc">
      <Filter>internals</Filter>
    </ClCompile>
    <ClCompile Include="$(SRC)\libnurbs\internals\quilt.cc">
      <Filter>internals</Filter>
    </ClCompile>
    <ClCompile Include="$(SRC)\libnurbs\internals\reader.cc">
      <Filter>internals</Filter>
    </ClCompile>
    <ClCompile Include="$(SRC)\libnurbs\internals\renderhints.cc">
      <Filter>internals</Filter>
    </ClCompile>
    <ClCompile Include="$(SRC)\libnurbs\internals\slicer.cc">
      <Filter>internals</Filter>
    </ClCompile>
    <ClCompile Include="$(SRC)\libnurbs\internals\sorter.cc">
      <Filter>internals</Filter>
    </ClCompile>
    <ClCompile Include="$(SRC)\libnurbs\internals\splitarcs.cc">
      <Filter>internals</Filter>
    </ClCompile>
    <ClCompile Include="$(SRC)\libnurbs\internals\subdivider.cc">
      <Filter>internals</Filter>
    </ClCompile>
    <ClCompile Include="$(SRC)\libnurbs\internals\tobezier.cc">
      <Filter>internals</Filter>
    </ClCompile>
    <ClCompile Include="$(SRC)\libnurbs\internals\trimline.cc">
      <Filter>internals</Filter>
    </ClCompile>
    <ClCompile Include="$(SRC)\libnurbs\internals\trimregion.cc">
      <Filter>internals</Filter>
    </ClCompile>
    <ClCompile Include="$(SRC)\libnurbs\internals\trimvertpool.cc">
      <Filter>internals</Filter>
    </ClCompile>
    <ClCompile Include="$(SRC)\libnurbs\internals\uarray.cc">
      <Filter>internals</Filter>
    </ClCompile>
    <ClCompile Include="$(SRC)\libnurbs\internals\varray.cc">
      <Filter>internals</Filter>
    </ClCompile>
    <ClCompile Include="$(SRC)\libnurbs\nurbtess\directedLine.cc">
      <Filter>internals</Filter>
    </ClCompile>
    <ClCompile Include="$(SRC)\libnurbs\nurbtess\gridWrap.cc">
      <Filter>internals</Filter>
    </ClCompile>
    <ClCompile Include="$(SRC)\libnurbs\nurbtess\monoChain.cc">
      <Filter>internals</Filter>
    </ClCompile>
    <ClCompile Include="$(SRC)\libnurbs\nurbtess\monoPolyPart.cc">
      <Filter>internals</Filter>
    </ClCompile>
    <ClCompile Include="$(SRC)\libnurbs\nurbtess\monoTriangulation.cc">
      <Filter>internals</Filter>
    </ClCompile>
    <ClCompile Include="$(SRC)\libnurbs\nurbtess\partitionX.cc">
      <Filter>internals</Filter>
    </ClCompile>
    <ClCompile Include="$(SRC)\libnurbs\nurbtess\partitionY.cc">
      <Filter>internals</Filter>
    </ClCompile>
    <ClCompile Include="$(SRC)\libnurbs\nurbtess\polyDBG.cc">
      <Filter>internals</Filter>
    </ClCompile>
    <ClCompile Include="$(SRC)\libnurbs\nurbtess\polyUtil.cc">
      <Filter>internals</Filter>
    </ClCompile>
    <ClCompile Include="$(SRC)\libnurbs\nurbtess\primitiveStream.cc">
      <Filter>internals</Filter>
    </ClCompile>
    <ClCompile Include="$(SRC)\libnurbs\nurbtess\quicksort.cc">
      <Filter>internals</Filter>
    </ClCompile>
    <ClCompile Include="$(SRC)\libnurbs\nurbtess\rectBlock.cc">
      <Filter>internals</Filter>
    </ClCompile>
    <ClCompile Include="$(SRC)\libnurbs\nurbtess\sampleComp.cc">
      <Filter>internals</Filter>
    </ClCompile>
    <ClCompile Include="$(SRC)\libnurbs\nurbtess\sampleCompBot.cc">
      <Filter>internals</Filter>
    </ClCompile>
    <ClCompile Include="$(SRC)\libnurbs\nurbtess\sampleCompRight.cc">
      <Filter>internals</Filter>
    </ClCompile>
    <ClCompile Include="$(SRC)\libnurbs\nurbtess\sampleCompTop.cc">
      <Filter>internals</Filter>
    </ClCompile>
    <ClCompile Include="$(SRC)\libnurbs\nurbtess\sampledLine.cc">
      <Filter>internals</Filter>
    </ClCompile>
    <ClCompile Include="$(SRC)\libnurbs\nurbtess\sampleMonoPoly.cc">
      <Filter>internals</Filter>
    </ClCompile>
    <ClCompile Include="$(SRC)\libnurbs\nurbtess\searchTree.cc">
      <Filter>internals</Filter>
    </ClCompile>
  </ItemGroup>
  <ItemGroup>
    <ClInclude Include="$(SRC)\libnurbs\gluos.h">
      <Filter>Header Files</Filter>
    </ClInclude>
    <ClInclude Include="$(SRC)\libnurbs\interface\bezierEval.h">
      <Filter>Header Files</Filter>
    </ClInclude>
    <ClInclude Include="$(SRC)\libnurbs\interface\bezierPatch.h">
      <Filter>Header Files</Filter>
    </ClInclude>
    <ClInclude Include="$(SRC)\libnurbs\interface\bezierPatchMesh.h">
      <Filter>Header Files</Filter>
    </ClInclude>
    <ClInclude Include="$(SRC)\libnurbs\interface\glcurveval.h">
      <Filter>Header Files</Filter>
    </ClInclude>
    <ClInclude Include="$(SRC)\libnurbs\interface\glimports.h">
      <Filter>Header Files</Filter>
    </ClInclude>
    <ClInclude Include="$(SRC)\libnurbs\interface\glrenderer.h">
      <Filter>Header Files</Filter>
    </ClInclude>
    <ClInclude Include="$(SRC)\libnurbs\interface\glsurfeval.h">
      <Filter>Header Files</Filter>
    </ClInclude>
    <ClInclude Include="$(SRC)\libnurbs\interface\mystdio.h">
      <Filter>Header Files</Filter>
    </ClInclude>
    <ClInclude Include="$(SRC)\libnurbs\interface\mystdlib.h">
      <Filter>Header Files</Filter>
    </ClInclude>
    <ClInclude Include="$(SRC)\libnurbs\internals\arc.h">
      <Filter>Header Files</Filter>
    </ClInclude>
    <ClInclude Include="$(SRC)\libnurbs\internals\arcsorter.h">
      <Filter>Header Files</Filter>
    </ClInclude>
    <ClInclude Include="$(SRC)\libnurbs\internals\arctess.h">
      <Filter>Header Files</Filter>
    </ClInclude>
    <ClInclude Include="$(SRC)\libnurbs\internals\backend.h">
      <Filter>Header Files</Filter>
    </ClInclude>
    <ClInclude Include="$(SRC)\libnurbs\internals\basiccrveval.h">
      <Filter>Header Files</Filter>
    </ClInclude>
    <ClInclude Include="$(SRC)\libnurbs\internals\basicsurfeval.h">
      <Filter>Header Files</Filter>
    </ClInclude>
    <ClInclude Include="$(SRC)\libnurbs\internals\bezierarc.h">
      <Filter>Header Files</Filter>
    </ClInclude>
    <ClInclude Include="$(SRC)\libnurbs\internals\bin.h">
      <Filter>Header Files</Filter>
    </ClInclude>
    <ClInclude Include="$(SRC)\libnurbs\internals\bufpool.h">
      <Filter>Header Files</Filter>
    </ClInclude>
    <ClInclude Include="$(SRC)\libnurbs\internals\cachingeval.h">
      <Filter>Header Files</Filter>
    </ClInclude>
    <ClInclude Include="$(SRC)\libnurbs\internals\coveandtiler.h">
      <Filter>Header Files</Filter>
    </ClInclude>
    <ClInclude Include="$(SRC)\libnurbs\internals\curve.h">
      <Filter>Header Files</Filter>
    </ClInclude>
    <ClInclude Include="$(SRC)\libnurbs\internals\curvelist.h">
      <Filter>Header Files</Filter>
    </ClInclude>
    <ClInclude Include="$(SRC)\libnurbs\internals\dataTransform.h">
      <Filter>Header Files</Filter>
    </ClInclude>
    <ClInclude Include="$(SRC)\libnurbs\internals\defines.h">
      <Filter>Header Files</Filter>
    </ClInclude>
    <ClInclude Include="$(SRC)\libnurbs\internals\displaylist.h">
      <Filter>Header Files</Filter>
    </ClInclude>
    <ClInclude Include="$(SRC)\libnurbs\internals\displaymode.h">
      <Filter>Header Files</Filter>
    </ClInclude>
    <ClInclude Include="$(SRC)\libnurbs\internals\flist.h">
      <Filter>Header Files</Filter>
    </ClInclude>
    <ClInclude Include="$(SRC)\libnurbs\internals\flistsorter.h">
      <Filter>Header Files</Filter>
    </ClInclude>
    <ClInclude Include="$(SRC)\libnurbs\internals\gridline.h">
      <Filter>Header Files</Filter>
    </ClInclude>
    <ClInclude Include="$(SRC)\libnurbs\internals\gridtrimvertex.h">
      <Filter>Header Files</Filter>
    </ClInclude>
    <ClInclude Include="$(SRC)\libnurbs\internals\gridvertex.h">
      <Filter>Header Files</Filter>
    </ClInclude>
    <ClInclude Include="$(SRC)\libnurbs\internals\hull.h">
      <Filter>Header Files</Filter>
    </ClInclude>
    <ClInclude Include="$(SRC)\libnurbs\internals\jarcloc.h">
      <Filter>Header Files</Filter>
    </ClInclude>
    <ClInclude Include="$(SRC)\libnurbs\internals\knotvector.h">
      <Filter>Header Files</Filter>
    </ClInclude>
    <ClInclude Include="$(SRC)\libnurbs\internals\mapdesc.h">
      <Filter>Header Files</Filter>
    </ClInclude>
    <ClInclude Include="$(SRC)\libnurbs\internals\maplist.h">
      <Filter>Header Files</Filter>
    </ClInclude>
    <ClInclude Include="$(SRC)\libnurbs\internals\mesher.h">
      <Filter>Header Files</Filter>
    </ClInclude>
    <ClInclude Include="$(SRC)\libnurbs\internals\monotonizer.h">
      <Filter>Header Files</Filter>
    </ClInclude>
    <ClInclude Include="$(SRC)\libnurbs\internals\myassert.h">
      <Filter>Header Files</Filter>
    </ClInclude>
    <ClInclude Include="$(SRC)\libnurbs\internals\mymath.h">
      <Filter>Header Files</Filter>
    </ClInclude>
    <ClInclude Include="$(SRC)\libnurbs\internals\mysetjmp.h">
      <Filter>Header Files</Filter>
    </ClInclude>
    <ClInclude Include="$(SRC)\libnurbs\internals\mystring.h">
      <Filter>Header Files</Filter>
    </ClInclude>
    <ClInclude Include="$(SRC)\libnurbs\internals\nurbsconsts.h">
      <Filter>Header Files</Filter>
    </ClInclude>
    <ClInclude Include="$(SRC)\libnurbs\internals\nurbstess.h">
      <Filter>Header Files</Filter>
    </ClInclude>
    <ClInclude Include="$(SRC)\libnurbs\internals\patch.h">
      <Filter>Header Files</Filter>
    </ClInclude>
    <ClInclude Include="$(SRC)\libnurbs\internals\patchlist.h">
      <Filter>Header Files</Filter>
    </ClInclude>
    <ClInclude Include="$(SRC)\libnurbs\internals\pwlarc.h">
      <Filter>Header Files</Filter>
    </ClInclude>
    <ClInclude Include="$(SRC)\libnurbs\internals\quilt.h">
      <Filter>Header Files</Filter>
    </ClInclude>
    <ClInclude Include="$(SRC)\libnurbs\internals\reader.h">
      <Filter>Header Files</Filter>
    </ClInclude>
    <ClInclude Include="$(SRC)\libnurbs\internals\renderhints.h">
      <Filter>Header Files</Filter>
    </ClInclude>
    <ClInclude Include="$(SRC)\libnurbs\internals\simplemath.h">
      <Filter>Header Files</Filter>
    </ClInclude>
    <ClInclude Include="$(SRC)\libnurbs\internals\slicer.h">
      <Filter>Header Files</Filter>
    </ClInclude>
    <ClInclude Include="$(SRC)\libnurbs\internals\sorter.h">
      <Filter>Header Files</Filter>
    </ClInclude>
    <ClInclude Include="$(SRC)\libnurbs\internals\subdivider.h">
      <Filter>Header Files</Filter>
    </ClInclude>
    <ClInclude Include="$(SRC)\libnurbs\internals\trimline.h">
      <Filter>Header Files</Filter>
    </ClInclude>
    <ClInclude Include="$(SRC)\libnurbs\internals\trimregion.h">
      <Filter>Header Files</Filter>
    </ClInclude>
    <ClInclude Include="$(SRC)\libnurbs\internals\trimvertex.h">
      <Filter>Header Files</Filter>
    </ClInclude>
    <ClInclude Include="$(SRC)\libnurbs\internals\trimvertpool.h">
      <Filter>Header Files</Filter>
    </ClInclude>
    <ClInclude Include="$(SRC)\libnurbs\internals\types.h">
      <Filter>Header Files</Filter>
    </ClInclude>
    <ClInclude Include="$(SRC)\libnurbs\internals\uarray.h">
      <Filter>Header Files</Filter>
    </ClInclude>
    <ClInclude Include="$(SRC)\libnurbs\internals\varray.h">
      <Filter>Header Files</Filter>
    </ClInclude>
    <ClInclude Include="$(SRC)\libnurbs\libnurbs2.h">
      <Filter>Header Files</Filter>
    </ClInclude>
    <ClInclude Include="$(SRC)\libnurbs\nurbtess\definitions.h">
      <Filter>Header Files</Filter>
    </ClInclude>
    <ClInclude Include="$(SRC)\libnurbs\nurbtess\directedLine.h">
      <Filter>Header Files</Filter>
    </ClInclude>
    <ClInclude Include="$(SRC)\libnurbs\nurbtess\glimports.h">
      <Filter>Header Files</Filter>
    </ClInclude>
    <ClInclude Include="$(SRC)\libnurbs\nurbtess\gridWrap.h">
      <Filter>Header Files</Filter>
    </ClInclude>
    <ClInclude Include="$(SRC)\libnurbs\nurbtess\monoChain.h">
      <Filter>Header Files</Filter>
    </ClInclude>
    <ClInclude Include="$(SRC)\libnurbs\nurbtess\monoPolyPart.h">
      <Filter>Header Files</Filter>
    </ClInclude>
    <ClInclude Include="$(SRC)\libnurbs\nurbtess\monoTriangulation.h">
      <Filter>Header Files</Filter>
    </ClInclude>
    <ClInclude Include="$(SRC)\libnurbs\nurbtess\mystdio.h">
      <Filter>Header Files</Filter>
    </ClInclude>
    <ClInclude Include="$(SRC)\libnurbs\nurbtess\mystdlib.h">
      <Filter>Header Files</Filter>
    </ClInclude>
    <ClInclude Include="$(SRC)\libnurbs\nurbtess\partitionX.h">
      <Filter>Header Files</Filter>
    </ClInclude>
    <ClInclude Include="$(SRC)\libnurbs\nurbtess\partitionY.h">
      <Filter>Header Files</Filter>
    </ClInclude>
    <ClInclude Include="$(SRC)\libnurbs\nurbtess\polyDBG.h">
      <Filter>Header Files</Filter>
    </ClInclude>
    <ClInclude Include="$(SRC)\libnurbs\nurbtess\polyUtil.h">
      <Filter>Header Files</Filter>
    </ClInclude>
    <ClInclude Include="$(SRC)\libnurbs\nurbtess\primitiveStream.h">
      <Filter>Header Files</Filter>
    </ClInclude>
    <ClInclude Include="$(SRC)\libnurbs\nurbtess\quicksort.h">
      <Filter>Header Files</Filter>
    </ClInclude>
    <ClInclude Include="$(SRC)\libnurbs\nurbtess\rectBlock.h">
      <Filter>Header Files</Filter>
    </ClInclude>
    <ClInclude Include="$(SRC)\libnurbs\nurbtess\sampleComp.h">
      <Filter>Header Files</Filter>
    </ClInclude>
    <ClInclude Include="$(SRC)\libnurbs\nurbtess\sampleCompBot.h">
      <Filter>Header Files</Filter>
    </ClInclude>
    <ClInclude Include="$(SRC)\libnurbs\nurbtess\sampleCompRight.h">
      <Filter>Header Files</Filter>
    </ClInclude>
    <ClInclude Include="$(SRC)\libnurbs\nurbtess\sampleCompTop.h">
      <Filter>Header Files</Filter>
    </ClInclude>
    <ClInclude Include="$(SRC)\libnurbs\nurbtess\sampledLine.h">
      <Filter>Header Files</Filter>
    </ClInclude>
    <ClInclude Include="$(SRC)\libnurbs\nurbtess\sampleMonoPoly.h">
      <Filter>Header Files</Filter>
    </ClInclude>
    <ClInclude Include="$(SRC)\libnurbs\nurbtess\searchTree.h">
      <Filter>Header Files</Filter>
    </ClInclude>
    <ClInclude Include="$(SRC)\libnurbs\nurbtess\zlassert.h">
      <Filter>Header Files</Filter>
    </ClInclude>
  </ItemGroup>
</Project>